
Microsoft Visual Studio Solution File, Format Version 12.00
# Visual Studio 15
VisualStudioVersion = 15.0.28307.852
MinimumVisualStudioVersion = 10.0.40219.1
Project("{FAE04EC0-301F-11D3-BF4B-00C04F79EFBC}") = "XmlFilesChecker", "XmlFilesChecker\XmlFilesChecker.csproj", "{751C2AF9-F236-4FE9-948A-901C79E85254}"
EndProject
Global
	GlobalSection(SolutionConfigurationPlatforms) = preSolution
		Debug|Any CPU = Debug|Any CPU
		Release|Any CPU = Release|Any CPU
	EndGlobalSection
	GlobalSection(ProjectConfigurationPlatforms) = postSolution
		{751C2AF9-F236-4FE9-948A-901C79E85254}.Debug|Any CPU.ActiveCfg = Debug|Any CPU
		{751C2AF9-F236-4FE9-948A-901C79E85254}.Debug|Any CPU.Build.0 = Debug|Any CPU
		{751C2AF9-F236-4FE9-948A-901C79E85254}.Release|Any CPU.ActiveCfg = Release|Any CPU
		{751C2AF9-F236-4FE9-948A-901C79E85254}.Release|Any CPU.Build.0 = Release|Any CPU
	EndGlobalSection
	GlobalSection(SolutionProperties) = preSolution
		HideSolutionNode = FALSE
	EndGlobalSection
	GlobalSection(ExtensibilityGlobals) = postSolution
		SolutionGuid = {66940CA3-3F32-4ED0-8AE0-96492C0480E8}
	EndGlobalSection
EndGlobal
